
Microsoft Visual Studio Solution File, Format Version 12.00
# Visual Studio Version 17
VisualStudioVersion = 17.7.34031.279
MinimumVisualStudioVersion = 10.0.40219.1
Project("{9A19103F-16F7-4668-BE54-9A1E7A4F7556}") = "Multiverse", "Multiverse\Multiverse.csproj", "{CB8E62C3-F4F7-4ACA-9CB8-B975FA08A84E}"
EndProject
Project("{2150E333-8FDC-42A3-9474-1A3956D46DE8}") = "src", "src", "{325BA33A-1D25-40DB-8D76-936B2E725C82}"
EndProject
Project("{9A19103F-16F7-4668-BE54-9A1E7A4F7556}") = "Multiverse.Build", "build\Multiverse.Build.csproj", "{9EB3AE04-B7F8-452B-AE04-E98F63B0739A}"
EndProject
Global
	GlobalSection(SolutionConfigurationPlatforms) = preSolution
		Debug|Any CPU = Debug|Any CPU
		Release|Any CPU = Release|Any CPU
	EndGlobalSection
	GlobalSection(ProjectConfigurationPlatforms) = postSolution
		{CB8E62C3-F4F7-4ACA-9CB8-B975FA08A84E}.Debug|Any CPU.ActiveCfg = Debug|Any CPU
		{CB8E62C3-F4F7-4ACA-9CB8-B975FA08A84E}.Debug|Any CPU.Build.0 = Debug|Any CPU
		{CB8E62C3-F4F7-4ACA-9CB8-B975FA08A84E}.Release|Any CPU.ActiveCfg = Release|Any CPU
		{CB8E62C3-F4F7-4ACA-9CB8-B975FA08A84E}.Release|Any CPU.Build.0 = Release|Any CPU
		{9EB3AE04-B7F8-452B-AE04-E98F63B0739A}.Debug|Any CPU.ActiveCfg = Debug|Any CPU
		{9EB3AE04-B7F8-452B-AE04-E98F63B0739A}.Release|Any CPU.ActiveCfg = Release|Any CPU
	EndGlobalSection
	GlobalSection(SolutionProperties) = preSolution
		HideSolutionNode = FALSE
	EndGlobalSection
	GlobalSection(NestedProjects) = preSolution
		{CB8E62C3-F4F7-4ACA-9CB8-B975FA08A84E} = {325BA33A-1D25-40DB-8D76-936B2E725C82}
		{9EB3AE04-B7F8-452B-AE04-E98F63B0739A} = {325BA33A-1D25-40DB-8D76-936B2E725C82}
	EndGlobalSection
	GlobalSection(ExtensibilityGlobals) = postSolution
		SolutionGuid = {F1E81738-7CA6-4A8A-A2BC-9834895977F9}
	EndGlobalSection
EndGlobal
